// !$*UTF8*$!
{
	archiveVersion = 1;
	classes = {
	};
	objectVersion = 50;
	objects = {

/* Begin PBXBuildFile section */
		201F8C6F2690DA2100B7D03E /* ImageLoader.swift in Sources */ = {isa = PBXBuildFile; fileRef = 201F8C6E2690DA2100B7D03E /* ImageLoader.swift */; };
		201F8C732690DC4B00B7D03E /* AsyncImage.swift in Sources */ = {isa = PBXBuildFile; fileRef = 201F8C722690DC4B00B7D03E /* AsyncImage.swift */; };
		202C317C2689EEBC00D1081E /* HttpService.swift in Sources */ = {isa = PBXBuildFile; fileRef = 202C317B2689EEBC00D1081E /* HttpService.swift */; };
		209CBF6C2693486E00913830 /* CommentsView.swift in Sources */ = {isa = PBXBuildFile; fileRef = 209CBF6B2693486E00913830 /* CommentsView.swift */; };
		209CBF702693594700913830 /* Comment.swift in Sources */ = {isa = PBXBuildFile; fileRef = 209CBF6F2693594700913830 /* Comment.swift */; };
		209CBF7326935FBC00913830 /* CommentRow.swift in Sources */ = {isa = PBXBuildFile; fileRef = 209CBF7226935FBC00913830 /* CommentRow.swift */; };
		891C950626724EE90020D788 /* MainLogView.swift in Sources */ = {isa = PBXBuildFile; fileRef = 891C950526724EE90020D788 /* MainLogView.swift */; };
		891C9508267250040020D788 /* LoginView.swift in Sources */ = {isa = PBXBuildFile; fileRef = 891C9507267250040020D788 /* LoginView.swift */; };
		891C950A267250110020D788 /* RegisterView.swift in Sources */ = {isa = PBXBuildFile; fileRef = 891C9509267250110020D788 /* RegisterView.swift */; };
		891C950E267257C50020D788 /* SimpleButtonView.swift in Sources */ = {isa = PBXBuildFile; fileRef = 891C950D267257C50020D788 /* SimpleButtonView.swift */; };
		896159DB26973DFB00FC63B2 /* AuthService.swift in Sources */ = {isa = PBXBuildFile; fileRef = 896159DA26973DFB00FC63B2 /* AuthService.swift */; };
		896159DD26973EEC00FC63B2 /* SigninResponse.swift in Sources */ = {isa = PBXBuildFile; fileRef = 896159DC26973EEC00FC63B2 /* SigninResponse.swift */; };
		89776E0A26948272002DCE8F /* MessageResponse.swift in Sources */ = {isa = PBXBuildFile; fileRef = 89776E0926948272002DCE8F /* MessageResponse.swift */; };
		89863C7A2673500300AE8D04 /* LogButtonView.swift in Sources */ = {isa = PBXBuildFile; fileRef = 89863C792673500300AE8D04 /* LogButtonView.swift */; };
		89863C8426736DD800AE8D04 /* UserAuth.swift in Sources */ = {isa = PBXBuildFile; fileRef = 89863C8326736DD800AE8D04 /* UserAuth.swift */; };
		89863C862673775B00AE8D04 /* Work.swift in Sources */ = {isa = PBXBuildFile; fileRef = 89863C852673775B00AE8D04 /* Work.swift */; };
		89863C882673892500AE8D04 /* WorkDetailsView.swift in Sources */ = {isa = PBXBuildFile; fileRef = 89863C872673892500AE8D04 /* WorkDetailsView.swift */; };
		89A00A302697694D00DFEAD8 /* WorkResponse.swift in Sources */ = {isa = PBXBuildFile; fileRef = 89A00A2F2697694D00DFEAD8 /* WorkResponse.swift */; };
		89F025A4266E107F006029DC /* GottaWatchThemAllMobileApp.swift in Sources */ = {isa = PBXBuildFile; fileRef = 89F025A3266E107F006029DC /* GottaWatchThemAllMobileApp.swift */; };
		89F025A8266E1083006029DC /* Assets.xcassets in Resources */ = {isa = PBXBuildFile; fileRef = 89F025A7266E1083006029DC /* Assets.xcassets */; };
		89F025AB266E1083006029DC /* Preview Assets.xcassets in Resources */ = {isa = PBXBuildFile; fileRef = 89F025AA266E1083006029DC /* Preview Assets.xcassets */; };
		89FCF45A267277FF002047AC /* PasswordFieldView.swift in Sources */ = {isa = PBXBuildFile; fileRef = 89FCF459267277FF002047AC /* PasswordFieldView.swift */; };
		89FCF45C2672780A002047AC /* InputFieldView.swift in Sources */ = {isa = PBXBuildFile; fileRef = 89FCF45B2672780A002047AC /* InputFieldView.swift */; };
		89FCF46026727C07002047AC /* Pokemon-Black.ttf in Resources */ = {isa = PBXBuildFile; fileRef = 89FCF45E26727C07002047AC /* Pokemon-Black.ttf */; };
		89FCF46126727C07002047AC /* Pokemon-White.ttf in Resources */ = {isa = PBXBuildFile; fileRef = 89FCF45F26727C07002047AC /* Pokemon-White.ttf */; };
		89FCF46326727EE3002047AC /* HomeView.swift in Sources */ = {isa = PBXBuildFile; fileRef = 89FCF46226727EE3002047AC /* HomeView.swift */; };
		89FCF46526728042002047AC /* TitleView.swift in Sources */ = {isa = PBXBuildFile; fileRef = 89FCF46426728042002047AC /* TitleView.swift */; };
		89FCF467267281A2002047AC /* SearchWorkView.swift in Sources */ = {isa = PBXBuildFile; fileRef = 89FCF466267281A2002047AC /* SearchWorkView.swift */; };
		89FCF469267281BC002047AC /* SearchUserView.swift in Sources */ = {isa = PBXBuildFile; fileRef = 89FCF468267281BC002047AC /* SearchUserView.swift */; };
		89FCF46B267281CC002047AC /* MyWorksView.swift in Sources */ = {isa = PBXBuildFile; fileRef = 89FCF46A267281CC002047AC /* MyWorksView.swift */; };
		89FE014A269753BC00102CF0 /* WorkService.swift in Sources */ = {isa = PBXBuildFile; fileRef = 89FE0149269753BC00102CF0 /* WorkService.swift */; };
		89FE014C269762E700102CF0 /* Media.swift in Sources */ = {isa = PBXBuildFile; fileRef = 89FE014B269762E700102CF0 /* Media.swift */; };
/* End PBXBuildFile section */

/* Begin PBXFileReference section */
		201F8C6E2690DA2100B7D03E /* ImageLoader.swift */ = {isa = PBXFileReference; lastKnownFileType = sourcecode.swift; path = ImageLoader.swift; sourceTree = "<group>"; };
		201F8C722690DC4B00B7D03E /* AsyncImage.swift */ = {isa = PBXFileReference; lastKnownFileType = sourcecode.swift; path = AsyncImage.swift; sourceTree = "<group>"; };
		202C317B2689EEBC00D1081E /* HttpService.swift */ = {isa = PBXFileReference; lastKnownFileType = sourcecode.swift; path = HttpService.swift; sourceTree = "<group>"; };
		209CBF6B2693486E00913830 /* CommentsView.swift */ = {isa = PBXFileReference; lastKnownFileType = sourcecode.swift; path = CommentsView.swift; sourceTree = "<group>"; };
		209CBF6F2693594700913830 /* Comment.swift */ = {isa = PBXFileReference; lastKnownFileType = sourcecode.swift; path = Comment.swift; sourceTree = "<group>"; };
		209CBF7226935FBC00913830 /* CommentRow.swift */ = {isa = PBXFileReference; lastKnownFileType = sourcecode.swift; path = CommentRow.swift; sourceTree = "<group>"; };
		891C950526724EE90020D788 /* MainLogView.swift */ = {isa = PBXFileReference; lastKnownFileType = sourcecode.swift; path = MainLogView.swift; sourceTree = "<group>"; };
		891C9507267250040020D788 /* LoginView.swift */ = {isa = PBXFileReference; lastKnownFileType = sourcecode.swift; path = LoginView.swift; sourceTree = "<group>"; };
		891C9509267250110020D788 /* RegisterView.swift */ = {isa = PBXFileReference; lastKnownFileType = sourcecode.swift; path = RegisterView.swift; sourceTree = "<group>"; };
		891C950D267257C50020D788 /* SimpleButtonView.swift */ = {isa = PBXFileReference; lastKnownFileType = sourcecode.swift; path = SimpleButtonView.swift; sourceTree = "<group>"; };
		896159DA26973DFB00FC63B2 /* AuthService.swift */ = {isa = PBXFileReference; lastKnownFileType = sourcecode.swift; path = AuthService.swift; sourceTree = "<group>"; };
		896159DC26973EEC00FC63B2 /* SigninResponse.swift */ = {isa = PBXFileReference; lastKnownFileType = sourcecode.swift; path = SigninResponse.swift; sourceTree = "<group>"; };
		89776E0926948272002DCE8F /* MessageResponse.swift */ = {isa = PBXFileReference; lastKnownFileType = sourcecode.swift; path = MessageResponse.swift; sourceTree = "<group>"; };
		89863C792673500300AE8D04 /* LogButtonView.swift */ = {isa = PBXFileReference; lastKnownFileType = sourcecode.swift; path = LogButtonView.swift; sourceTree = "<group>"; };
		89863C8326736DD800AE8D04 /* UserAuth.swift */ = {isa = PBXFileReference; lastKnownFileType = sourcecode.swift; path = UserAuth.swift; sourceTree = "<group>"; };
		89863C852673775B00AE8D04 /* Work.swift */ = {isa = PBXFileReference; lastKnownFileType = sourcecode.swift; path = Work.swift; sourceTree = "<group>"; };
		89863C872673892500AE8D04 /* WorkDetailsView.swift */ = {isa = PBXFileReference; lastKnownFileType = sourcecode.swift; path = WorkDetailsView.swift; sourceTree = "<group>"; };
		89A00A2F2697694D00DFEAD8 /* WorkResponse.swift */ = {isa = PBXFileReference; lastKnownFileType = sourcecode.swift; path = WorkResponse.swift; sourceTree = "<group>"; };
		89F025A0266E107F006029DC /* GottaWatchThemAllMobile.app */ = {isa = PBXFileReference; explicitFileType = wrapper.application; includeInIndex = 0; path = GottaWatchThemAllMobile.app; sourceTree = BUILT_PRODUCTS_DIR; };
		89F025A3266E107F006029DC /* GottaWatchThemAllMobileApp.swift */ = {isa = PBXFileReference; lastKnownFileType = sourcecode.swift; path = GottaWatchThemAllMobileApp.swift; sourceTree = "<group>"; };
		89F025A7266E1083006029DC /* Assets.xcassets */ = {isa = PBXFileReference; lastKnownFileType = folder.assetcatalog; path = Assets.xcassets; sourceTree = "<group>"; };
		89F025AA266E1083006029DC /* Preview Assets.xcassets */ = {isa = PBXFileReference; lastKnownFileType = folder.assetcatalog; path = "Preview Assets.xcassets"; sourceTree = "<group>"; };
		89F025AC266E1083006029DC /* Info.plist */ = {isa = PBXFileReference; lastKnownFileType = text.plist.xml; path = Info.plist; sourceTree = "<group>"; };
		89FCF459267277FF002047AC /* PasswordFieldView.swift */ = {isa = PBXFileReference; fileEncoding = 4; lastKnownFileType = sourcecode.swift; path = PasswordFieldView.swift; sourceTree = "<group>"; };
		89FCF45B2672780A002047AC /* InputFieldView.swift */ = {isa = PBXFileReference; fileEncoding = 4; lastKnownFileType = sourcecode.swift; path = InputFieldView.swift; sourceTree = "<group>"; };
		89FCF45E26727C07002047AC /* Pokemon-Black.ttf */ = {isa = PBXFileReference; lastKnownFileType = file; path = "Pokemon-Black.ttf"; sourceTree = "<group>"; };
		89FCF45F26727C07002047AC /* Pokemon-White.ttf */ = {isa = PBXFileReference; lastKnownFileType = file; path = "Pokemon-White.ttf"; sourceTree = "<group>"; };
		89FCF46226727EE3002047AC /* HomeView.swift */ = {isa = PBXFileReference; lastKnownFileType = sourcecode.swift; path = HomeView.swift; sourceTree = "<group>"; };
		89FCF46426728042002047AC /* TitleView.swift */ = {isa = PBXFileReference; lastKnownFileType = sourcecode.swift; path = TitleView.swift; sourceTree = "<group>"; };
		89FCF466267281A2002047AC /* SearchWorkView.swift */ = {isa = PBXFileReference; lastKnownFileType = sourcecode.swift; path = SearchWorkView.swift; sourceTree = "<group>"; };
		89FCF468267281BC002047AC /* SearchUserView.swift */ = {isa = PBXFileReference; lastKnownFileType = sourcecode.swift; path = SearchUserView.swift; sourceTree = "<group>"; };
		89FCF46A267281CC002047AC /* MyWorksView.swift */ = {isa = PBXFileReference; lastKnownFileType = sourcecode.swift; path = MyWorksView.swift; sourceTree = "<group>"; };
		89FE0149269753BC00102CF0 /* WorkService.swift */ = {isa = PBXFileReference; lastKnownFileType = sourcecode.swift; path = WorkService.swift; sourceTree = "<group>"; };
		89FE014B269762E700102CF0 /* Media.swift */ = {isa = PBXFileReference; lastKnownFileType = sourcecode.swift; path = Media.swift; sourceTree = "<group>"; };
/* End PBXFileReference section */

/* Begin PBXFrameworksBuildPhase section */
		89F0259D266E107F006029DC /* Frameworks */ = {
			isa = PBXFrameworksBuildPhase;
			buildActionMask = 2147483647;
			files = (
			);
			runOnlyForDeploymentPostprocessing = 0;
		};
/* End PBXFrameworksBuildPhase section */

/* Begin PBXGroup section */
		201F8C682690C2F900B7D03E /* Work */ = {
			isa = PBXGroup;
			children = (
				89FE0149269753BC00102CF0 /* WorkService.swift */,
				89863C872673892500AE8D04 /* WorkDetailsView.swift */,
				89FCF46A267281CC002047AC /* MyWorksView.swift */,
			);
			path = Work;
			sourceTree = "<group>";
		};
		209CBF6A2693485300913830 /* Comment */ = {
			isa = PBXGroup;
			children = (
				209CBF6B2693486E00913830 /* CommentsView.swift */,
				209CBF7226935FBC00913830 /* CommentRow.swift */,
			);
			path = Comment;
			sourceTree = "<group>";
		};
		89863C7D26736B5B00AE8D04 /* Views */ = {
			isa = PBXGroup;
			children = (
				209CBF6A2693485300913830 /* Comment */,
				201F8C682690C2F900B7D03E /* Work */,
				89863C7F26736C3F00AE8D04 /* Utils */,
				89863C7E26736BDE00AE8D04 /* Auth */,
				89FCF46226727EE3002047AC /* HomeView.swift */,
				89FCF468267281BC002047AC /* SearchUserView.swift */,
				89FCF466267281A2002047AC /* SearchWorkView.swift */,
			);
			path = Views;
			sourceTree = "<group>";
		};
		89863C7E26736BDE00AE8D04 /* Auth */ = {
			isa = PBXGroup;
			children = (
				896159DA26973DFB00FC63B2 /* AuthService.swift */,
				89FCF459267277FF002047AC /* PasswordFieldView.swift */,
				89863C792673500300AE8D04 /* LogButtonView.swift */,
				891C9509267250110020D788 /* RegisterView.swift */,
				891C9507267250040020D788 /* LoginView.swift */,
				891C950526724EE90020D788 /* MainLogView.swift */,
			);
			path = Auth;
			sourceTree = "<group>";
		};
		89863C7F26736C3F00AE8D04 /* Utils */ = {
			isa = PBXGroup;
			children = (
				89FCF46426728042002047AC /* TitleView.swift */,
				89FCF45B2672780A002047AC /* InputFieldView.swift */,
				891C950D267257C50020D788 /* SimpleButtonView.swift */,
			);
			path = Utils;
			sourceTree = "<group>";
		};
		89863C8226736D5300AE8D04 /* Models */ = {
			isa = PBXGroup;
			children = (
				89776E0926948272002DCE8F /* MessageResponse.swift */,
				89863C8326736DD800AE8D04 /* UserAuth.swift */,
				89863C852673775B00AE8D04 /* Work.swift */,
				209CBF6F2693594700913830 /* Comment.swift */,
				896159DC26973EEC00FC63B2 /* SigninResponse.swift */,
				89FE014B269762E700102CF0 /* Media.swift */,
				89A00A2F2697694D00DFEAD8 /* WorkResponse.swift */,
			);
			path = Models;
			sourceTree = "<group>";
		};
		89F02597266E107F006029DC = {
			isa = PBXGroup;
			children = (
				89F025A2266E107F006029DC /* GottaWatchThemAllMobile */,
				89F025A1266E107F006029DC /* Products */,
			);
			sourceTree = "<group>";
		};
		89F025A1266E107F006029DC /* Products */ = {
			isa = PBXGroup;
			children = (
				89F025A0266E107F006029DC /* GottaWatchThemAllMobile.app */,
			);
			name = Products;
			sourceTree = "<group>";
		};
		89F025A2266E107F006029DC /* GottaWatchThemAllMobile */ = {
			isa = PBXGroup;
			children = (
				89863C8226736D5300AE8D04 /* Models */,
				89863C7D26736B5B00AE8D04 /* Views */,
				89FCF45D26727C07002047AC /* Pokemon-font */,
				89F025A3266E107F006029DC /* GottaWatchThemAllMobileApp.swift */,
				89F025A7266E1083006029DC /* Assets.xcassets */,
				89F025AC266E1083006029DC /* Info.plist */,
				89F025A9266E1083006029DC /* Preview Content */,
				202C317B2689EEBC00D1081E /* HttpService.swift */,
				201F8C6E2690DA2100B7D03E /* ImageLoader.swift */,
				201F8C722690DC4B00B7D03E /* AsyncImage.swift */,
			);
			path = GottaWatchThemAllMobile;
			sourceTree = "<group>";
		};
		89F025A9266E1083006029DC /* Preview Content */ = {
			isa = PBXGroup;
			children = (
				89F025AA266E1083006029DC /* Preview Assets.xcassets */,
			);
			path = "Preview Content";
			sourceTree = "<group>";
		};
		89FCF45D26727C07002047AC /* Pokemon-font */ = {
			isa = PBXGroup;
			children = (
				89FCF45E26727C07002047AC /* Pokemon-Black.ttf */,
				89FCF45F26727C07002047AC /* Pokemon-White.ttf */,
			);
			path = "Pokemon-font";
			sourceTree = "<group>";
		};
/* End PBXGroup section */

/* Begin PBXNativeTarget section */
		89F0259F266E107F006029DC /* GottaWatchThemAllMobile */ = {
			isa = PBXNativeTarget;
			buildConfigurationList = 89F025AF266E1083006029DC /* Build configuration list for PBXNativeTarget "GottaWatchThemAllMobile" */;
			buildPhases = (
				89F0259C266E107F006029DC /* Sources */,
				89F0259D266E107F006029DC /* Frameworks */,
				89F0259E266E107F006029DC /* Resources */,
			);
			buildRules = (
			);
			dependencies = (
			);
			name = GottaWatchThemAllMobile;
			productName = GottaWatchThemAllMobile;
			productReference = 89F025A0266E107F006029DC /* GottaWatchThemAllMobile.app */;
			productType = "com.apple.product-type.application";
		};
/* End PBXNativeTarget section */

/* Begin PBXProject section */
		89F02598266E107F006029DC /* Project object */ = {
			isa = PBXProject;
			attributes = {
				LastSwiftUpdateCheck = 1250;
				LastUpgradeCheck = 1250;
				TargetAttributes = {
					89F0259F266E107F006029DC = {
						CreatedOnToolsVersion = 12.5;
					};
				};
			};
			buildConfigurationList = 89F0259B266E107F006029DC /* Build configuration list for PBXProject "GottaWatchThemAllMobile" */;
			compatibilityVersion = "Xcode 9.3";
			developmentRegion = en;
			hasScannedForEncodings = 0;
			knownRegions = (
				en,
				Base,
			);
			mainGroup = 89F02597266E107F006029DC;
			productRefGroup = 89F025A1266E107F006029DC /* Products */;
			projectDirPath = "";
			projectRoot = "";
			targets = (
				89F0259F266E107F006029DC /* GottaWatchThemAllMobile */,
			);
		};
/* End PBXProject section */

/* Begin PBXResourcesBuildPhase section */
		89F0259E266E107F006029DC /* Resources */ = {
			isa = PBXResourcesBuildPhase;
			buildActionMask = 2147483647;
			files = (
				89FCF46126727C07002047AC /* Pokemon-White.ttf in Resources */,
				89F025AB266E1083006029DC /* Preview Assets.xcassets in Resources */,
				89F025A8266E1083006029DC /* Assets.xcassets in Resources */,
				89FCF46026727C07002047AC /* Pokemon-Black.ttf in Resources */,
			);
			runOnlyForDeploymentPostprocessing = 0;
		};
/* End PBXResourcesBuildPhase section */

/* Begin PBXSourcesBuildPhase section */
		89F0259C266E107F006029DC /* Sources */ = {
			isa = PBXSourcesBuildPhase;
			buildActionMask = 2147483647;
			files = (
				89FCF46526728042002047AC /* TitleView.swift in Sources */,
				89FCF469267281BC002047AC /* SearchUserView.swift in Sources */,
				209CBF6C2693486E00913830 /* CommentsView.swift in Sources */,
				89863C862673775B00AE8D04 /* Work.swift in Sources */,
				89776E0A26948272002DCE8F /* MessageResponse.swift in Sources */,
				89FE014C269762E700102CF0 /* Media.swift in Sources */,
				89863C7A2673500300AE8D04 /* LogButtonView.swift in Sources */,
				89863C882673892500AE8D04 /* WorkDetailsView.swift in Sources */,
				89FCF45C2672780A002047AC /* InputFieldView.swift in Sources */,
				89FCF46B267281CC002047AC /* MyWorksView.swift in Sources */,
				209CBF7326935FBC00913830 /* CommentRow.swift in Sources */,
				891C950626724EE90020D788 /* MainLogView.swift in Sources */,
				202C317C2689EEBC00D1081E /* HttpService.swift in Sources */,
				209CBF702693594700913830 /* Comment.swift in Sources */,
				89863C8426736DD800AE8D04 /* UserAuth.swift in Sources */,
				89FCF467267281A2002047AC /* SearchWorkView.swift in Sources */,
				896159DB26973DFB00FC63B2 /* AuthService.swift in Sources */,
				891C950A267250110020D788 /* RegisterView.swift in Sources */,
				89FCF46326727EE3002047AC /* HomeView.swift in Sources */,
				89FCF45A267277FF002047AC /* PasswordFieldView.swift in Sources */,
				201F8C6F2690DA2100B7D03E /* ImageLoader.swift in Sources */,
				89FE014A269753BC00102CF0 /* WorkService.swift in Sources */,
				201F8C732690DC4B00B7D03E /* AsyncImage.swift in Sources */,
				891C9508267250040020D788 /* LoginView.swift in Sources */,
				89F025A4266E107F006029DC /* GottaWatchThemAllMobileApp.swift in Sources */,
				891C950E267257C50020D788 /* SimpleButtonView.swift in Sources */,
				896159DD26973EEC00FC63B2 /* SigninResponse.swift in Sources */,
				89A00A302697694D00DFEAD8 /* WorkResponse.swift in Sources */,
			);
			runOnlyForDeploymentPostprocessing = 0;
		};
/* End PBXSourcesBuildPhase section */

/* Begin XCBuildConfiguration section */
		89F025AD266E1083006029DC /* Debug */ = {
			isa = XCBuildConfiguration;
			buildSettings = {
				ALWAYS_SEARCH_USER_PATHS = NO;
				CLANG_ANALYZER_NONNULL = YES;
				CLANG_ANALYZER_NUMBER_OBJECT_CONVERSION = YES_AGGRESSIVE;
				CLANG_CXX_LANGUAGE_STANDARD = "gnu++14";
				CLANG_CXX_LIBRARY = "libc++";
				CLANG_ENABLE_MODULES = YES;
				CLANG_ENABLE_OBJC_ARC = YES;
				CLANG_ENABLE_OBJC_WEAK = YES;
				CLANG_WARN_BLOCK_CAPTURE_AUTORELEASING = YES;
				CLANG_WARN_BOOL_CONVERSION = YES;
				CLANG_WARN_COMMA = YES;
				CLANG_WARN_CONSTANT_CONVERSION = YES;
				CLANG_WARN_DEPRECATED_OBJC_IMPLEMENTATIONS = YES;
				CLANG_WARN_DIRECT_OBJC_ISA_USAGE = YES_ERROR;
				CLANG_WARN_DOCUMENTATION_COMMENTS = YES;
				CLANG_WARN_EMPTY_BODY = YES;
				CLANG_WARN_ENUM_CONVERSION = YES;
				CLANG_WARN_INFINITE_RECURSION = YES;
				CLANG_WARN_INT_CONVERSION = YES;
				CLANG_WARN_NON_LITERAL_NULL_CONVERSION = YES;
				CLANG_WARN_OBJC_IMPLICIT_RETAIN_SELF = YES;
				CLANG_WARN_OBJC_LITERAL_CONVERSION = YES;
				CLANG_WARN_OBJC_ROOT_CLASS = YES_ERROR;
				CLANG_WARN_QUOTED_INCLUDE_IN_FRAMEWORK_HEADER = YES;
				CLANG_WARN_RANGE_LOOP_ANALYSIS = YES;
				CLANG_WARN_STRICT_PROTOTYPES = YES;
				CLANG_WARN_SUSPICIOUS_MOVE = YES;
				CLANG_WARN_UNGUARDED_AVAILABILITY = YES_AGGRESSIVE;
				CLANG_WARN_UNREACHABLE_CODE = YES;
				CLANG_WARN__DUPLICATE_METHOD_MATCH = YES;
				COPY_PHASE_STRIP = NO;
				DEBUG_INFORMATION_FORMAT = dwarf;
				ENABLE_STRICT_OBJC_MSGSEND = YES;
				ENABLE_TESTABILITY = YES;
				GCC_C_LANGUAGE_STANDARD = gnu11;
				GCC_DYNAMIC_NO_PIC = NO;
				GCC_NO_COMMON_BLOCKS = YES;
				GCC_OPTIMIZATION_LEVEL = 0;
				GCC_PREPROCESSOR_DEFINITIONS = (
					"DEBUG=1",
					"$(inherited)",
				);
				GCC_WARN_64_TO_32_BIT_CONVERSION = YES;
				GCC_WARN_ABOUT_RETURN_TYPE = YES_ERROR;
				GCC_WARN_UNDECLARED_SELECTOR = YES;
				GCC_WARN_UNINITIALIZED_AUTOS = YES_AGGRESSIVE;
				GCC_WARN_UNUSED_FUNCTION = YES;
				GCC_WARN_UNUSED_VARIABLE = YES;
				IPHONEOS_DEPLOYMENT_TARGET = 14.5;
				MTL_ENABLE_DEBUG_INFO = INCLUDE_SOURCE;
				MTL_FAST_MATH = YES;
				ONLY_ACTIVE_ARCH = YES;
				SDKROOT = iphoneos;
				SWIFT_ACTIVE_COMPILATION_CONDITIONS = DEBUG;
				SWIFT_OPTIMIZATION_LEVEL = "-Onone";
			};
			name = Debug;
		};
		89F025AE266E1083006029DC /* Release */ = {
			isa = XCBuildConfiguration;
			buildSettings = {
				ALWAYS_SEARCH_USER_PATHS = NO;
				CLANG_ANALYZER_NONNULL = YES;
				CLANG_ANALYZER_NUMBER_OBJECT_CONVERSION = YES_AGGRESSIVE;
				CLANG_CXX_LANGUAGE_STANDARD = "gnu++14";
				CLANG_CXX_LIBRARY = "libc++";
				CLANG_ENABLE_MODULES = YES;
				CLANG_ENABLE_OBJC_ARC = YES;
				CLANG_ENABLE_OBJC_WEAK = YES;
				CLANG_WARN_BLOCK_CAPTURE_AUTORELEASING = YES;
				CLANG_WARN_BOOL_CONVERSION = YES;
				CLANG_WARN_COMMA = YES;
				CLANG_WARN_CONSTANT_CONVERSION = YES;
				CLANG_WARN_DEPRECATED_OBJC_IMPLEMENTATIONS = YES;
				CLANG_WARN_DIRECT_OBJC_ISA_USAGE = YES_ERROR;
				CLANG_WARN_DOCUMENTATION_COMMENTS = YES;
				CLANG_WARN_EMPTY_BODY = YES;
				CLANG_WARN_ENUM_CONVERSION = YES;
				CLANG_WARN_INFINITE_RECURSION = YES;
				CLANG_WARN_INT_CONVERSION = YES;
				CLANG_WARN_NON_LITERAL_NULL_CONVERSION = YES;
				CLANG_WARN_OBJC_IMPLICIT_RETAIN_SELF = YES;
				CLANG_WARN_OBJC_LITERAL_CONVERSION = YES;
				CLANG_WARN_OBJC_ROOT_CLASS = YES_ERROR;
				CLANG_WARN_QUOTED_INCLUDE_IN_FRAMEWORK_HEADER = YES;
				CLANG_WARN_RANGE_LOOP_ANALYSIS = YES;
				CLANG_WARN_STRICT_PROTOTYPES = YES;
				CLANG_WARN_SUSPICIOUS_MOVE = YES;
				CLANG_WARN_UNGUARDED_AVAILABILITY = YES_AGGRESSIVE;
				CLANG_WARN_UNREACHABLE_CODE = YES;
				CLANG_WARN__DUPLICATE_METHOD_MATCH = YES;
				COPY_PHASE_STRIP = NO;
				DEBUG_INFORMATION_FORMAT = "dwarf-with-dsym";
				ENABLE_NS_ASSERTIONS = NO;
				ENABLE_STRICT_OBJC_MSGSEND = YES;
				GCC_C_LANGUAGE_STANDARD = gnu11;
				GCC_NO_COMMON_BLOCKS = YES;
				GCC_WARN_64_TO_32_BIT_CONVERSION = YES;
				GCC_WARN_ABOUT_RETURN_TYPE = YES_ERROR;
				GCC_WARN_UNDECLARED_SELECTOR = YES;
				GCC_WARN_UNINITIALIZED_AUTOS = YES_AGGRESSIVE;
				GCC_WARN_UNUSED_FUNCTION = YES;
				GCC_WARN_UNUSED_VARIABLE = YES;
				IPHONEOS_DEPLOYMENT_TARGET = 14.5;
				MTL_ENABLE_DEBUG_INFO = NO;
				MTL_FAST_MATH = YES;
				SDKROOT = iphoneos;
				SWIFT_COMPILATION_MODE = wholemodule;
				SWIFT_OPTIMIZATION_LEVEL = "-O";
				VALIDATE_PRODUCT = YES;
			};
			name = Release;
		};
		89F025B0266E1083006029DC /* Debug */ = {
			isa = XCBuildConfiguration;
			buildSettings = {
				ASSETCATALOG_COMPILER_APPICON_NAME = AppIcon;
				ASSETCATALOG_COMPILER_GLOBAL_ACCENT_COLOR_NAME = AccentColor;
				CODE_SIGN_STYLE = Automatic;
				DEVELOPMENT_ASSET_PATHS = "\"GottaWatchThemAllMobile/Preview Content\"";
				ENABLE_PREVIEWS = YES;
				INFOPLIST_FILE = GottaWatchThemAllMobile/Info.plist;
				IPHONEOS_DEPLOYMENT_TARGET = 14.0;
				LD_RUNPATH_SEARCH_PATHS = (
					"$(inherited)",
					"@executable_path/Frameworks",
				);
				PRODUCT_BUNDLE_IDENTIFIER = fr.esgi.4al2.GottaWatchThemAllMobile;
				PRODUCT_NAME = "$(TARGET_NAME)";
				SWIFT_VERSION = 5.0;
				TARGETED_DEVICE_FAMILY = "1,2";
			};
			name = Debug;
		};
		89F025B1266E1083006029DC /* Release */ = {
			isa = XCBuildConfiguration;
			buildSettings = {
				ASSETCATALOG_COMPILER_APPICON_NAME = AppIcon;
				ASSETCATALOG_COMPILER_GLOBAL_ACCENT_COLOR_NAME = AccentColor;
				CODE_SIGN_STYLE = Automatic;
				DEVELOPMENT_ASSET_PATHS = "\"GottaWatchThemAllMobile/Preview Content\"";
				ENABLE_PREVIEWS = YES;
				INFOPLIST_FILE = GottaWatchThemAllMobile/Info.plist;
				IPHONEOS_DEPLOYMENT_TARGET = 14.0;
				LD_RUNPATH_SEARCH_PATHS = (
					"$(inherited)",
					"@executable_path/Frameworks",
				);
				PRODUCT_BUNDLE_IDENTIFIER = fr.esgi.4al2.GottaWatchThemAllMobile;
				PRODUCT_NAME = "$(TARGET_NAME)";
				SWIFT_VERSION = 5.0;
				TARGETED_DEVICE_FAMILY = "1,2";
			};
			name = Release;
		};
/* End XCBuildConfiguration section */

/* Begin XCConfigurationList section */
		89F0259B266E107F006029DC /* Build configuration list for PBXProject "GottaWatchThemAllMobile" */ = {
			isa = XCConfigurationList;
			buildConfigurations = (
				89F025AD266E1083006029DC /* Debug */,
				89F025AE266E1083006029DC /* Release */,
			);
			defaultConfigurationIsVisible = 0;
			defaultConfigurationName = Release;
		};
		89F025AF266E1083006029DC /* Build configuration list for PBXNativeTarget "GottaWatchThemAllMobile" */ = {
			isa = XCConfigurationList;
			buildConfigurations = (
				89F025B0266E1083006029DC /* Debug */,
				89F025B1266E1083006029DC /* Release */,
			);
			defaultConfigurationIsVisible = 0;
			defaultConfigurationName = Release;
		};
/* End XCConfigurationList section */
	};
	rootObject = 89F02598266E107F006029DC /* Project object */;
}
